
Microsoft Visual Studio Solution File, Format Version 12.00
# Visual Studio 15
VisualStudioVersion = 15.0.28307.329
MinimumVisualStudioVersion = 10.0.40219.1
Project("{FAE04EC0-301F-11D3-BF4B-00C04F79EFBC}") = "HackerRank", "HackerRank\HackerRank.csproj", "{0EFF3E45-A66F-4236-B141-6C908EEED0D1}"
EndProject
Global
	GlobalSection(SolutionConfigurationPlatforms) = preSolution
		Debug|Any CPU = Debug|Any CPU
		Release|Any CPU = Release|Any CPU
	EndGlobalSection
	GlobalSection(ProjectConfigurationPlatforms) = postSolution
		{0EFF3E45-A66F-4236-B141-6C908EEED0D1}.Debug|Any CPU.ActiveCfg = Debug|Any CPU
		{0EFF3E45-A66F-4236-B141-6C908EEED0D1}.Debug|Any CPU.Build.0 = Debug|Any CPU
		{0EFF3E45-A66F-4236-B141-6C908EEED0D1}.Release|Any CPU.ActiveCfg = Release|Any CPU
		{0EFF3E45-A66F-4236-B141-6C908EEED0D1}.Release|Any CPU.Build.0 = Release|Any CPU
	EndGlobalSection
	GlobalSection(SolutionProperties) = preSolution
		HideSolutionNode = FALSE
	EndGlobalSection
	GlobalSection(ExtensibilityGlobals) = postSolution
		SolutionGuid = {D3C10F54-890D-49B5-B539-6E903BA52E0B}
	EndGlobalSection
EndGlobal
